
Microsoft Visual Studio Solution File, Format Version 12.00
# Visual Studio 2012
Project("{FAE04EC0-301F-11D3-BF4B-00C04F79EFBC}") = "ActionReaction", "ActionReaction\ActionReaction.csproj", "{05E3A79C-E6F1-4AA7-B427-CF033E6E567A}"
EndProject
Global
	GlobalSection(SolutionConfigurationPlatforms) = preSolution
		Debug|x86 = Debug|x86
		Release|x86 = Release|x86
	EndGlobalSection
	GlobalSection(ProjectConfigurationPlatforms) = postSolution
		{05E3A79C-E6F1-4AA7-B427-CF033E6E567A}.Debug|x86.ActiveCfg = Debug|x86
		{05E3A79C-E6F1-4AA7-B427-CF033E6E567A}.Debug|x86.Build.0 = Debug|x86
		{05E3A79C-E6F1-4AA7-B427-CF033E6E567A}.Release|x86.ActiveCfg = Release|x86
		{05E3A79C-E6F1-4AA7-B427-CF033E6E567A}.Release|x86.Build.0 = Release|x86
	EndGlobalSection
EndGlobal
